
Microsoft Visual Studio Solution File, Format Version 12.00
# Visual Studio 2012
Project("{FAE04EC0-301F-11D3-BF4B-00C04F79EFBC}") = "HomeTrax", "HomeTrax\HomeTrax.csproj", "{6F8021B0-0BA0-4167-9D54-FCBBF1120313}"
EndProject
Project("{FAE04EC0-301F-11D3-BF4B-00C04F79EFBC}") = "HomeTrax.DAL", "HomeTrax.DAL\HomeTrax.DAL.csproj", "{AF581315-B891-46C9-8FF1-FBC1A29FB1E4}"
EndProject
Project("{FAE04EC0-301F-11D3-BF4B-00C04F79EFBC}") = "HomeTrax.BLL", "HomeTrax.BLL\HomeTrax.BLL.csproj", "{D41030DC-1F53-43F3-8D0E-AB911134EA05}"
EndProject
Global
	GlobalSection(SolutionConfigurationPlatforms) = preSolution
		Debug|Any CPU = Debug|Any CPU
		Release|Any CPU = Release|Any CPU
	EndGlobalSection
	GlobalSection(ProjectConfigurationPlatforms) = postSolution
		{6F8021B0-0BA0-4167-9D54-FCBBF1120313}.Debug|Any CPU.ActiveCfg = Debug|Any CPU
		{6F8021B0-0BA0-4167-9D54-FCBBF1120313}.Debug|Any CPU.Build.0 = Debug|Any CPU
		{6F8021B0-0BA0-4167-9D54-FCBBF1120313}.Release|Any CPU.ActiveCfg = Release|Any CPU
		{6F8021B0-0BA0-4167-9D54-FCBBF1120313}.Release|Any CPU.Build.0 = Release|Any CPU
		{AF581315-B891-46C9-8FF1-FBC1A29FB1E4}.Debug|Any CPU.ActiveCfg = Debug|Any CPU
		{AF581315-B891-46C9-8FF1-FBC1A29FB1E4}.Debug|Any CPU.Build.0 = Debug|Any CPU
		{AF581315-B891-46C9-8FF1-FBC1A29FB1E4}.Release|Any CPU.ActiveCfg = Release|Any CPU
		{AF581315-B891-46C9-8FF1-FBC1A29FB1E4}.Release|Any CPU.Build.0 = Release|Any CPU
		{D41030DC-1F53-43F3-8D0E-AB911134EA05}.Debug|Any CPU.ActiveCfg = Debug|Any CPU
		{D41030DC-1F53-43F3-8D0E-AB911134EA05}.Debug|Any CPU.Build.0 = Debug|Any CPU
		{D41030DC-1F53-43F3-8D0E-AB911134EA05}.Release|Any CPU.ActiveCfg = Release|Any CPU
		{D41030DC-1F53-43F3-8D0E-AB911134EA05}.Release|Any CPU.Build.0 = Release|Any CPU
	EndGlobalSection
	GlobalSection(SolutionProperties) = preSolution
		HideSolutionNode = FALSE
	EndGlobalSection
EndGlobal
